// !$*UTF8*$!
{
	archiveVersion = 1;
	classes = {
	};
	objectVersion = 56;
	objects = {

/* Begin PBXBuildFile section */
		336FE3E12A014FA4000C30BA /* TestCoordinator10App.swift in Sources */ = {isa = PBXBuildFile; fileRef = 336FE3E02A014FA4000C30BA /* TestCoordinator10App.swift */; };
		336FE3E32A014FA4000C30BA /* FirstScreen.swift in Sources */ = {isa = PBXBuildFile; fileRef = 336FE3E22A014FA4000C30BA /* FirstScreen.swift */; };
		336FE3E52A014FA5000C30BA /* Assets.xcassets in Resources */ = {isa = PBXBuildFile; fileRef = 336FE3E42A014FA5000C30BA /* Assets.xcassets */; };
		336FE3E82A014FA5000C30BA /* Preview Assets.xcassets in Resources */ = {isa = PBXBuildFile; fileRef = 336FE3E72A014FA5000C30BA /* Preview Assets.xcassets */; };
		336FE3F02A014FC5000C30BA /* Factory in Frameworks */ = {isa = PBXBuildFile; productRef = 336FE3EF2A014FC5000C30BA /* Factory */; };
		336FE3F22A014FD3000C30BA /* TestCoordinator10App+Injection.swift in Sources */ = {isa = PBXBuildFile; fileRef = 336FE3F12A014FD3000C30BA /* TestCoordinator10App+Injection.swift */; };
		336FE3F42A015070000C30BA /* FirstScreenRouter.swift in Sources */ = {isa = PBXBuildFile; fileRef = 336FE3F32A015070000C30BA /* FirstScreenRouter.swift */; };
		336FE3F62A015078000C30BA /* FirstScreenRoutes.swift in Sources */ = {isa = PBXBuildFile; fileRef = 336FE3F52A015078000C30BA /* FirstScreenRoutes.swift */; };
		336FE3F82A01520A000C30BA /* FirstScreenCooridinator.swift in Sources */ = {isa = PBXBuildFile; fileRef = 336FE3F72A01520A000C30BA /* FirstScreenCooridinator.swift */; };
/* End PBXBuildFile section */

/* Begin PBXFileReference section */
		336FE3DD2A014FA4000C30BA /* TestCoordinator10.app */ = {isa = PBXFileReference; explicitFileType = wrapper.application; includeInIndex = 0; path = TestCoordinator10.app; sourceTree = BUILT_PRODUCTS_DIR; };
		336FE3E02A014FA4000C30BA /* TestCoordinator10App.swift */ = {isa = PBXFileReference; lastKnownFileType = sourcecode.swift; path = TestCoordinator10App.swift; sourceTree = "<group>"; };
		336FE3E22A014FA4000C30BA /* FirstScreen.swift */ = {isa = PBXFileReference; lastKnownFileType = sourcecode.swift; path = FirstScreen.swift; sourceTree = "<group>"; };
		336FE3E42A014FA5000C30BA /* Assets.xcassets */ = {isa = PBXFileReference; lastKnownFileType = folder.assetcatalog; path = Assets.xcassets; sourceTree = "<group>"; };
		336FE3E72A014FA5000C30BA /* Preview Assets.xcassets */ = {isa = PBXFileReference; lastKnownFileType = folder.assetcatalog; path = "Preview Assets.xcassets"; sourceTree = "<group>"; };
		336FE3F12A014FD3000C30BA /* TestCoordinator10App+Injection.swift */ = {isa = PBXFileReference; lastKnownFileType = sourcecode.swift; path = "TestCoordinator10App+Injection.swift"; sourceTree = "<group>"; };
		336FE3F32A015070000C30BA /* FirstScreenRouter.swift */ = {isa = PBXFileReference; lastKnownFileType = sourcecode.swift; path = FirstScreenRouter.swift; sourceTree = "<group>"; };
		336FE3F52A015078000C30BA /* FirstScreenRoutes.swift */ = {isa = PBXFileReference; lastKnownFileType = sourcecode.swift; path = FirstScreenRoutes.swift; sourceTree = "<group>"; };
		336FE3F72A01520A000C30BA /* FirstScreenCooridinator.swift */ = {isa = PBXFileReference; lastKnownFileType = sourcecode.swift; path = FirstScreenCooridinator.swift; sourceTree = "<group>"; };
/* End PBXFileReference section */

/* Begin PBXFrameworksBuildPhase section */
		336FE3DA2A014FA4000C30BA /* Frameworks */ = {
			isa = PBXFrameworksBuildPhase;
			buildActionMask = 2147483647;
			files = (
				336FE3F02A014FC5000C30BA /* Factory in Frameworks */,
			);
			runOnlyForDeploymentPostprocessing = 0;
		};
/* End PBXFrameworksBuildPhase section */

/* Begin PBXGroup section */
		336FE3D42A014FA4000C30BA = {
			isa = PBXGroup;
			children = (
				336FE3DF2A014FA4000C30BA /* TestCoordinator10 */,
				336FE3DE2A014FA4000C30BA /* Products */,
			);
			sourceTree = "<group>";
		};
		336FE3DE2A014FA4000C30BA /* Products */ = {
			isa = PBXGroup;
			children = (
				336FE3DD2A014FA4000C30BA /* TestCoordinator10.app */,
			);
			name = Products;
			sourceTree = "<group>";
		};
		336FE3DF2A014FA4000C30BA /* TestCoordinator10 */ = {
			isa = PBXGroup;
			children = (
				336FE3E02A014FA4000C30BA /* TestCoordinator10App.swift */,
				336FE3F12A014FD3000C30BA /* TestCoordinator10App+Injection.swift */,
				336FE3E22A014FA4000C30BA /* FirstScreen.swift */,
				336FE3F32A015070000C30BA /* FirstScreenRouter.swift */,
				336FE3F52A015078000C30BA /* FirstScreenRoutes.swift */,
				336FE3F72A01520A000C30BA /* FirstScreenCooridinator.swift */,
				336FE3E42A014FA5000C30BA /* Assets.xcassets */,
				336FE3E62A014FA5000C30BA /* Preview Content */,
			);
			path = TestCoordinator10;
			sourceTree = "<group>";
		};
		336FE3E62A014FA5000C30BA /* Preview Content */ = {
			isa = PBXGroup;
			children = (
				336FE3E72A014FA5000C30BA /* Preview Assets.xcassets */,
			);
			path = "Preview Content";
			sourceTree = "<group>";
		};
/* End PBXGroup section */

/* Begin PBXNativeTarget section */
		336FE3DC2A014FA4000C30BA /* TestCoordinator10 */ = {
			isa = PBXNativeTarget;
			buildConfigurationList = 336FE3EB2A014FA5000C30BA /* Build configuration list for PBXNativeTarget "TestCoordinator10" */;
			buildPhases = (
				336FE3D92A014FA4000C30BA /* Sources */,
				336FE3DA2A014FA4000C30BA /* Frameworks */,
				336FE3DB2A014FA4000C30BA /* Resources */,
			);
			buildRules = (
			);
			dependencies = (
			);
			name = TestCoordinator10;
			packageProductDependencies = (
				336FE3EF2A014FC5000C30BA /* Factory */,
			);
			productName = TestCoordinator10;
			productReference = 336FE3DD2A014FA4000C30BA /* TestCoordinator10.app */;
			productType = "com.apple.product-type.application";
		};
/* End PBXNativeTarget section */

/* Begin PBXProject section */
		336FE3D52A014FA4000C30BA /* Project object */ = {
			isa = PBXProject;
			attributes = {
				BuildIndependentTargetsInParallel = 1;
				LastSwiftUpdateCheck = 1430;
				LastUpgradeCheck = 1430;
				TargetAttributes = {
					336FE3DC2A014FA4000C30BA = {
						CreatedOnToolsVersion = 14.3;
					};
				};
			};
			buildConfigurationList = 336FE3D82A014FA4000C30BA /* Build configuration list for PBXProject "TestCoordinator10" */;
			compatibilityVersion = "Xcode 14.0";
			developmentRegion = en;
			hasScannedForEncodings = 0;
			knownRegions = (
				en,
				Base,
			);
			mainGroup = 336FE3D42A014FA4000C30BA;
			packageReferences = (
				336FE3EE2A014FC5000C30BA /* XCRemoteSwiftPackageReference "Factory" */,
			);
			productRefGroup = 336FE3DE2A014FA4000C30BA /* Products */;
			projectDirPath = "";
			projectRoot = "";
			targets = (
				336FE3DC2A014FA4000C30BA /* TestCoordinator10 */,
			);
		};
/* End PBXProject section */

/* Begin PBXResourcesBuildPhase section */
		336FE3DB2A014FA4000C30BA /* Resources */ = {
			isa = PBXResourcesBuildPhase;
			buildActionMask = 2147483647;
			files = (
				336FE3E82A014FA5000C30BA /* Preview Assets.xcassets in Resources */,
				336FE3E52A014FA5000C30BA /* Assets.xcassets in Resources */,
			);
			runOnlyForDeploymentPostprocessing = 0;
		};
/* End PBXResourcesBuildPhase section */

/* Begin PBXSourcesBuildPhase section */
		336FE3D92A014FA4000C30BA /* Sources */ = {
			isa = PBXSourcesBuildPhase;
			buildActionMask = 2147483647;
			files = (
				336FE3E32A014FA4000C30BA /* FirstScreen.swift in Sources */,
				336FE3E12A014FA4000C30BA /* TestCoordinator10App.swift in Sources */,
				336FE3F22A014FD3000C30BA /* TestCoordinator10App+Injection.swift in Sources */,
				336FE3F42A015070000C30BA /* FirstScreenRouter.swift in Sources */,
				336FE3F62A015078000C30BA /* FirstScreenRoutes.swift in Sources */,
				336FE3F82A01520A000C30BA /* FirstScreenCooridinator.swift in Sources */,
			);
			runOnlyForDeploymentPostprocessing = 0;
		};
/* End PBXSourcesBuildPhase section */

/* Begin XCBuildConfiguration section */
		336FE3E92A014FA5000C30BA /* Debug */ = {
			isa = XCBuildConfiguration;
			buildSettings = {
				ALWAYS_SEARCH_USER_PATHS = NO;
				CLANG_ANALYZER_NONNULL = YES;
				CLANG_ANALYZER_NUMBER_OBJECT_CONVERSION = YES_AGGRESSIVE;
				CLANG_CXX_LANGUAGE_STANDARD = "gnu++20";
				CLANG_ENABLE_MODULES = YES;
				CLANG_ENABLE_OBJC_ARC = YES;
				CLANG_ENABLE_OBJC_WEAK = YES;
				CLANG_WARN_BLOCK_CAPTURE_AUTORELEASING = YES;
				CLANG_WARN_BOOL_CONVERSION = YES;
				CLANG_WARN_COMMA = YES;
				CLANG_WARN_CONSTANT_CONVERSION = YES;
				CLANG_WARN_DEPRECATED_OBJC_IMPLEMENTATIONS = YES;
				CLANG_WARN_DIRECT_OBJC_ISA_USAGE = YES_ERROR;
				CLANG_WARN_DOCUMENTATION_COMMENTS = YES;
				CLANG_WARN_EMPTY_BODY = YES;
				CLANG_WARN_ENUM_CONVERSION = YES;
				CLANG_WARN_INFINITE_RECURSION = YES;
				CLANG_WARN_INT_CONVERSION = YES;
				CLANG_WARN_NON_LITERAL_NULL_CONVERSION = YES;
				CLANG_WARN_OBJC_IMPLICIT_RETAIN_SELF = YES;
				CLANG_WARN_OBJC_LITERAL_CONVERSION = YES;
				CLANG_WARN_OBJC_ROOT_CLASS = YES_ERROR;
				CLANG_WARN_QUOTED_INCLUDE_IN_FRAMEWORK_HEADER = YES;
				CLANG_WARN_RANGE_LOOP_ANALYSIS = YES;
				CLANG_WARN_STRICT_PROTOTYPES = YES;
				CLANG_WARN_SUSPICIOUS_MOVE = YES;
				CLANG_WARN_UNGUARDED_AVAILABILITY = YES_AGGRESSIVE;
				CLANG_WARN_UNREACHABLE_CODE = YES;
				CLANG_WARN__DUPLICATE_METHOD_MATCH = YES;
				COPY_PHASE_STRIP = NO;
				DEBUG_INFORMATION_FORMAT = dwarf;
				ENABLE_STRICT_OBJC_MSGSEND = YES;
				ENABLE_TESTABILITY = YES;
				GCC_C_LANGUAGE_STANDARD = gnu11;
				GCC_DYNAMIC_NO_PIC = NO;
				GCC_NO_COMMON_BLOCKS = YES;
				GCC_OPTIMIZATION_LEVEL = 0;
				GCC_PREPROCESSOR_DEFINITIONS = (
					"DEBUG=1",
					"$(inherited)",
				);
				GCC_WARN_64_TO_32_BIT_CONVERSION = YES;
				GCC_WARN_ABOUT_RETURN_TYPE = YES_ERROR;
				GCC_WARN_UNDECLARED_SELECTOR = YES;
				GCC_WARN_UNINITIALIZED_AUTOS = YES_AGGRESSIVE;
				GCC_WARN_UNUSED_FUNCTION = YES;
				GCC_WARN_UNUSED_VARIABLE = YES;
				IPHONEOS_DEPLOYMENT_TARGET = 16.4;
				MTL_ENABLE_DEBUG_INFO = INCLUDE_SOURCE;
				MTL_FAST_MATH = YES;
				ONLY_ACTIVE_ARCH = YES;
				SDKROOT = iphoneos;
				SWIFT_ACTIVE_COMPILATION_CONDITIONS = DEBUG;
				SWIFT_OPTIMIZATION_LEVEL = "-Onone";
			};
			name = Debug;
		};
		336FE3EA2A014FA5000C30BA /* Release */ = {
			isa = XCBuildConfiguration;
			buildSettings = {
				ALWAYS_SEARCH_USER_PATHS = NO;
				CLANG_ANALYZER_NONNULL = YES;
				CLANG_ANALYZER_NUMBER_OBJECT_CONVERSION = YES_AGGRESSIVE;
				CLANG_CXX_LANGUAGE_STANDARD = "gnu++20";
				CLANG_ENABLE_MODULES = YES;
				CLANG_ENABLE_OBJC_ARC = YES;
				CLANG_ENABLE_OBJC_WEAK = YES;
				CLANG_WARN_BLOCK_CAPTURE_AUTORELEASING = YES;
				CLANG_WARN_BOOL_CONVERSION = YES;
				CLANG_WARN_COMMA = YES;
				CLANG_WARN_CONSTANT_CONVERSION = YES;
				CLANG_WARN_DEPRECATED_OBJC_IMPLEMENTATIONS = YES;
				CLANG_WARN_DIRECT_OBJC_ISA_USAGE = YES_ERROR;
				CLANG_WARN_DOCUMENTATION_COMMENTS = YES;
				CLANG_WARN_EMPTY_BODY = YES;
				CLANG_WARN_ENUM_CONVERSION = YES;
				CLANG_WARN_INFINITE_RECURSION = YES;
				CLANG_WARN_INT_CONVERSION = YES;
				CLANG_WARN_NON_LITERAL_NULL_CONVERSION = YES;
				CLANG_WARN_OBJC_IMPLICIT_RETAIN_SELF = YES;
				CLANG_WARN_OBJC_LITERAL_CONVERSION = YES;
				CLANG_WARN_OBJC_ROOT_CLASS = YES_ERROR;
				CLANG_WARN_QUOTED_INCLUDE_IN_FRAMEWORK_HEADER = YES;
				CLANG_WARN_RANGE_LOOP_ANALYSIS = YES;
				CLANG_WARN_STRICT_PROTOTYPES = YES;
				CLANG_WARN_SUSPICIOUS_MOVE = YES;
				CLANG_WARN_UNGUARDED_AVAILABILITY = YES_AGGRESSIVE;
				CLANG_WARN_UNREACHABLE_CODE = YES;
				CLANG_WARN__DUPLICATE_METHOD_MATCH = YES;
				COPY_PHASE_STRIP = NO;
				DEBUG_INFORMATION_FORMAT = "dwarf-with-dsym";
				ENABLE_NS_ASSERTIONS = NO;
				ENABLE_STRICT_OBJC_MSGSEND = YES;
				GCC_C_LANGUAGE_STANDARD = gnu11;
				GCC_NO_COMMON_BLOCKS = YES;
				GCC_WARN_64_TO_32_BIT_CONVERSION = YES;
				GCC_WARN_ABOUT_RETURN_TYPE = YES_ERROR;
				GCC_WARN_UNDECLARED_SELECTOR = YES;
				GCC_WARN_UNINITIALIZED_AUTOS = YES_AGGRESSIVE;
				GCC_WARN_UNUSED_FUNCTION = YES;
				GCC_WARN_UNUSED_VARIABLE = YES;
				IPHONEOS_DEPLOYMENT_TARGET = 16.4;
				MTL_ENABLE_DEBUG_INFO = NO;
				MTL_FAST_MATH = YES;
				SDKROOT = iphoneos;
				SWIFT_COMPILATION_MODE = wholemodule;
				SWIFT_OPTIMIZATION_LEVEL = "-O";
				VALIDATE_PRODUCT = YES;
			};
			name = Release;
		};
		336FE3EC2A014FA5000C30BA /* Debug */ = {
			isa = XCBuildConfiguration;
			buildSettings = {
				ASSETCATALOG_COMPILER_APPICON_NAME = AppIcon;
				ASSETCATALOG_COMPILER_GLOBAL_ACCENT_COLOR_NAME = AccentColor;
				CODE_SIGN_STYLE = Automatic;
				CURRENT_PROJECT_VERSION = 1;
				DEVELOPMENT_ASSET_PATHS = "\"TestCoordinator10/Preview Content\"";
				ENABLE_PREVIEWS = YES;
				GENERATE_INFOPLIST_FILE = YES;
				INFOPLIST_KEY_UIApplicationSceneManifest_Generation = YES;
				INFOPLIST_KEY_UIApplicationSupportsIndirectInputEvents = YES;
				INFOPLIST_KEY_UILaunchScreen_Generation = YES;
				INFOPLIST_KEY_UISupportedInterfaceOrientations_iPad = "UIInterfaceOrientationPortrait UIInterfaceOrientationPortraitUpsideDown UIInterfaceOrientationLandscapeLeft UIInterfaceOrientationLandscapeRight";
				INFOPLIST_KEY_UISupportedInterfaceOrientations_iPhone = "UIInterfaceOrientationPortrait UIInterfaceOrientationLandscapeLeft UIInterfaceOrientationLandscapeRight";
				LD_RUNPATH_SEARCH_PATHS = (
					"$(inherited)",
					"@executable_path/Frameworks",
				);
				MARKETING_VERSION = 1.0;
				PRODUCT_BUNDLE_IDENTIFIER = berry.love.TestCoordinator10;
				PRODUCT_NAME = "$(TARGET_NAME)";
				SWIFT_EMIT_LOC_STRINGS = YES;
				SWIFT_VERSION = 5.0;
				TARGETED_DEVICE_FAMILY = "1,2";
			};
			name = Debug;
		};
		336FE3ED2A014FA5000C30BA /* Release */ = {
			isa = XCBuildConfiguration;
			buildSettings = {
				ASSETCATALOG_COMPILER_APPICON_NAME = AppIcon;
				ASSETCATALOG_COMPILER_GLOBAL_ACCENT_COLOR_NAME = AccentColor;
				CODE_SIGN_STYLE = Automatic;
				CURRENT_PROJECT_VERSION = 1;
				DEVELOPMENT_ASSET_PATHS = "\"TestCoordinator10/Preview Content\"";
				ENABLE_PREVIEWS = YES;
				GENERATE_INFOPLIST_FILE = YES;
				INFOPLIST_KEY_UIApplicationSceneManifest_Generation = YES;
				INFOPLIST_KEY_UIApplicationSupportsIndirectInputEvents = YES;
				INFOPLIST_KEY_UILaunchScreen_Generation = YES;
				INFOPLIST_KEY_UISupportedInterfaceOrientations_iPad = "UIInterfaceOrientationPortrait UIInterfaceOrientationPortraitUpsideDown UIInterfaceOrientationLandscapeLeft UIInterfaceOrientationLandscapeRight";
				INFOPLIST_KEY_UISupportedInterfaceOrientations_iPhone = "UIInterfaceOrientationPortrait UIInterfaceOrientationLandscapeLeft UIInterfaceOrientationLandscapeRight";
				LD_RUNPATH_SEARCH_PATHS = (
					"$(inherited)",
					"@executable_path/Frameworks",
				);
				MARKETING_VERSION = 1.0;
				PRODUCT_BUNDLE_IDENTIFIER = berry.love.TestCoordinator10;
				PRODUCT_NAME = "$(TARGET_NAME)";
				SWIFT_EMIT_LOC_STRINGS = YES;
				SWIFT_VERSION = 5.0;
				TARGETED_DEVICE_FAMILY = "1,2";
			};
			name = Release;
		};
/* End XCBuildConfiguration section */

/* Begin XCConfigurationList section */
		336FE3D82A014FA4000C30BA /* Build configuration list for PBXProject "TestCoordinator10" */ = {
			isa = XCConfigurationList;
			buildConfigurations = (
				336FE3E92A014FA5000C30BA /* Debug */,
				336FE3EA2A014FA5000C30BA /* Release */,
			);
			defaultConfigurationIsVisible = 0;
			defaultConfigurationName = Release;
		};
		336FE3EB2A014FA5000C30BA /* Build configuration list for PBXNativeTarget "TestCoordinator10" */ = {
			isa = XCConfigurationList;
			buildConfigurations = (
				336FE3EC2A014FA5000C30BA /* Debug */,
				336FE3ED2A014FA5000C30BA /* Release */,
			);
			defaultConfigurationIsVisible = 0;
			defaultConfigurationName = Release;
		};
/* End XCConfigurationList section */

/* Begin XCRemoteSwiftPackageReference section */
		336FE3EE2A014FC5000C30BA /* XCRemoteSwiftPackageReference "Factory" */ = {
			isa = XCRemoteSwiftPackageReference;
			repositoryURL = "https://github.com/hmlongco/Factory";
			requirement = {
				kind = upToNextMinorVersion;
				minimumVersion = 2.1.0;
			};
		};
/* End XCRemoteSwiftPackageReference section */

/* Begin XCSwiftPackageProductDependency section */
		336FE3EF2A014FC5000C30BA /* Factory */ = {
			isa = XCSwiftPackageProductDependency;
			package = 336FE3EE2A014FC5000C30BA /* XCRemoteSwiftPackageReference "Factory" */;
			productName = Factory;
		};
/* End XCSwiftPackageProductDependency section */
	};
	rootObject = 336FE3D52A014FA4000C30BA /* Project object */;
}
